
Microsoft Visual Studio Solution File, Format Version 12.00
# Visual Studio Version 17
VisualStudioVersion = 17.7.34024.191
MinimumVisualStudioVersion = 10.0.40219.1
Project("{FAE04EC0-301F-11D3-BF4B-00C04F79EFBC}") = "ZealandClimateSystem", "ZealandClimateSystem\ZealandClimateSystem.csproj", "{D6ED945E-F1F0-4D22-BB7B-11B3BBECEDA6}"
EndProject
Global
	GlobalSection(SolutionConfigurationPlatforms) = preSolution
		Debug|Any CPU = Debug|Any CPU
		Release|Any CPU = Release|Any CPU
	EndGlobalSection
	GlobalSection(ProjectConfigurationPlatforms) = postSolution
		{D6ED945E-F1F0-4D22-BB7B-11B3BBECEDA6}.Debug|Any CPU.ActiveCfg = Debug|Any CPU
		{D6ED945E-F1F0-4D22-BB7B-11B3BBECEDA6}.Debug|Any CPU.Build.0 = Debug|Any CPU
		{D6ED945E-F1F0-4D22-BB7B-11B3BBECEDA6}.Release|Any CPU.ActiveCfg = Release|Any CPU
		{D6ED945E-F1F0-4D22-BB7B-11B3BBECEDA6}.Release|Any CPU.Build.0 = Release|Any CPU
	EndGlobalSection
	GlobalSection(SolutionProperties) = preSolution
		HideSolutionNode = FALSE
	EndGlobalSection
	GlobalSection(ExtensibilityGlobals) = postSolution
		SolutionGuid = {F72F057C-9707-46A9-BFEA-B70D09F30FB1}
	EndGlobalSection
EndGlobal
